
Microsoft Visual Studio Solution File, Format Version 12.00
# Visual Studio Version 17
VisualStudioVersion = 17.0.31808.319
MinimumVisualStudioVersion = 10.0.40219.1
Project("{FAE04EC0-301F-11D3-BF4B-00C04F79EFBC}") = "Module_4HW3", "Module_4HW3\Module_4HW3.csproj", "{FC1879A8-9CBB-4024-A60B-74BFF6A8C77A}"
EndProject
Global
	GlobalSection(SolutionConfigurationPlatforms) = preSolution
		Debug|Any CPU = Debug|Any CPU
		Release|Any CPU = Release|Any CPU
	EndGlobalSection
	GlobalSection(ProjectConfigurationPlatforms) = postSolution
		{FC1879A8-9CBB-4024-A60B-74BFF6A8C77A}.Debug|Any CPU.ActiveCfg = Debug|Any CPU
		{FC1879A8-9CBB-4024-A60B-74BFF6A8C77A}.Debug|Any CPU.Build.0 = Debug|Any CPU
		{FC1879A8-9CBB-4024-A60B-74BFF6A8C77A}.Release|Any CPU.ActiveCfg = Release|Any CPU
		{FC1879A8-9CBB-4024-A60B-74BFF6A8C77A}.Release|Any CPU.Build.0 = Release|Any CPU
	EndGlobalSection
	GlobalSection(SolutionProperties) = preSolution
		HideSolutionNode = FALSE
	EndGlobalSection
	GlobalSection(ExtensibilityGlobals) = postSolution
		SolutionGuid = {E4A754E8-E0E7-483A-A24F-19D1185CF996}
	EndGlobalSection
EndGlobal
